
Microsoft Visual Studio Solution File, Format Version 12.00
# Visual Studio Version 17
VisualStudioVersion = 17.8.34525.116
MinimumVisualStudioVersion = 10.0.40219.1
Project("{FAE04EC0-301F-11D3-BF4B-00C04F79EFBC}") = "MqttTestClient", "MqttTestClient.csproj", "{B5294ED5-F445-4D64-8457-95D83AA5BDAF}"
EndProject
Global
	GlobalSection(SolutionConfigurationPlatforms) = preSolution
		Debug|Any CPU = Debug|Any CPU
		Release|Any CPU = Release|Any CPU
	EndGlobalSection
	GlobalSection(ProjectConfigurationPlatforms) = postSolution
		{B5294ED5-F445-4D64-8457-95D83AA5BDAF}.Debug|Any CPU.ActiveCfg = Debug|Any CPU
		{B5294ED5-F445-4D64-8457-95D83AA5BDAF}.Debug|Any CPU.Build.0 = Debug|Any CPU
		{B5294ED5-F445-4D64-8457-95D83AA5BDAF}.Release|Any CPU.ActiveCfg = Release|Any CPU
		{B5294ED5-F445-4D64-8457-95D83AA5BDAF}.Release|Any CPU.Build.0 = Release|Any CPU
	EndGlobalSection
	GlobalSection(SolutionProperties) = preSolution
		HideSolutionNode = FALSE
	EndGlobalSection
	GlobalSection(ExtensibilityGlobals) = postSolution
		SolutionGuid = {23F0E113-E6FA-404E-8FC8-AB4D36661265}
	EndGlobalSection
EndGlobal
